
Microsoft Visual Studio Solution File, Format Version 12.00
# Visual Studio Version 17
VisualStudioVersion = 17.14.36414.22 d17.14
MinimumVisualStudioVersion = 10.0.40219.1
Project("{FAE04EC0-301F-11D3-BF4B-00C04F79EFBC}") = "Console board games", "Console board games.csproj", "{1C2D8187-D0AB-4EE6-8951-C6A138CFB4FA}"
EndProject
Global
	GlobalSection(SolutionConfigurationPlatforms) = preSolution
		Debug|Any CPU = Debug|Any CPU
		Release|Any CPU = Release|Any CPU
	EndGlobalSection
	GlobalSection(ProjectConfigurationPlatforms) = postSolution
		{1C2D8187-D0AB-4EE6-8951-C6A138CFB4FA}.Debug|Any CPU.ActiveCfg = Debug|Any CPU
		{1C2D8187-D0AB-4EE6-8951-C6A138CFB4FA}.Debug|Any CPU.Build.0 = Debug|Any CPU
		{1C2D8187-D0AB-4EE6-8951-C6A138CFB4FA}.Release|Any CPU.ActiveCfg = Release|Any CPU
		{1C2D8187-D0AB-4EE6-8951-C6A138CFB4FA}.Release|Any CPU.Build.0 = Release|Any CPU
	EndGlobalSection
	GlobalSection(SolutionProperties) = preSolution
		HideSolutionNode = FALSE
	EndGlobalSection
	GlobalSection(ExtensibilityGlobals) = postSolution
		SolutionGuid = {BF071BEA-4F0D-49B3-9A1E-81F8CD738023}
	EndGlobalSection
EndGlobal
